
Microsoft Visual Studio Solution File, Format Version 11.00
# Visual Studio 2010
Project("{FAE04EC0-301F-11D3-BF4B-00C04F79EFBC}") = "Assembly-CSharp", "Assembly-CSharp.csproj", "{55581ce2-4bfa-0833-d2f9-49881591b7a2}"
EndProject
Project("{FAE04EC0-301F-11D3-BF4B-00C04F79EFBC}") = "YooAsset", "YooAsset.csproj", "{5c9988b2-e1c3-7d5a-ef3d-2a6cc37854a2}"
EndProject
Project("{FAE04EC0-301F-11D3-BF4B-00C04F79EFBC}") = "Unity.ScriptableBuildPipeline", "Unity.ScriptableBuildPipeline.csproj", "{85c339f4-7dfe-5a58-9d4b-01e1521a073a}"
EndProject
Project("{FAE04EC0-301F-11D3-BF4B-00C04F79EFBC}") = "Unity.ScriptableBuildPipeline.Tests", "Unity.ScriptableBuildPipeline.Tests.csproj", "{6ca4a100-2272-2f41-d4a5-807538557cd1}"
EndProject
Project("{FAE04EC0-301F-11D3-BF4B-00C04F79EFBC}") = "ScriptableBuildPipelineTests", "ScriptableBuildPipelineTests.csproj", "{2dca6219-4e7d-3d0e-ffe9-324a9d0e359e}"
EndProject
Project("{FAE04EC0-301F-11D3-BF4B-00C04F79EFBC}") = "UniFramework.Machine", "UniFramework.Machine.csproj", "{bee2ebc8-8c82-8071-a8ae-94f312acac19}"
EndProject
Project("{FAE04EC0-301F-11D3-BF4B-00C04F79EFBC}") = "UniFramework.Event", "UniFramework.Event.csproj", "{d5867b92-7e7a-ba7c-ffdb-dd24b04be18d}"
EndProject
Project("{FAE04EC0-301F-11D3-BF4B-00C04F79EFBC}") = "UniFramework.Utility", "UniFramework.Utility.csproj", "{dde883ee-acae-a9e1-ecae-10457f601799}"
EndProject
Project("{FAE04EC0-301F-11D3-BF4B-00C04F79EFBC}") = "UniTask", "UniTask.csproj", "{4ab327b7-45b6-1f64-25b7-dfe73d799285}"
EndProject
Project("{FAE04EC0-301F-11D3-BF4B-00C04F79EFBC}") = "UniTask.Linq", "UniTask.Linq.csproj", "{e386446f-8c81-de35-5278-ad5983f1a885}"
EndProject
Project("{FAE04EC0-301F-11D3-BF4B-00C04F79EFBC}") = "UniTask.TextMeshPro", "UniTask.TextMeshPro.csproj", "{adedc4d0-68de-0302-e4eb-284a19ed46e8}"
EndProject
Project("{FAE04EC0-301F-11D3-BF4B-00C04F79EFBC}") = "UniTask.DOTween", "UniTask.DOTween.csproj", "{d14c6a4f-1026-232c-09f7-acfa73867234}"
EndProject
Project("{FAE04EC0-301F-11D3-BF4B-00C04F79EFBC}") = "UniTask.Addressables", "UniTask.Addressables.csproj", "{ad02c468-66b7-573d-a73b-f8e57116a7c3}"
EndProject
Project("{FAE04EC0-301F-11D3-BF4B-00C04F79EFBC}") = "Assembly-CSharp-Editor", "Assembly-CSharp-Editor.csproj", "{f3cc87f0-4548-2e68-dd0e-d3742120fdd9}"
EndProject
Project("{FAE04EC0-301F-11D3-BF4B-00C04F79EFBC}") = "YooAsset.Editor", "YooAsset.Editor.csproj", "{36b6876b-e45f-c2ad-93c9-99f5a02699d8}"
EndProject
Project("{FAE04EC0-301F-11D3-BF4B-00C04F79EFBC}") = "Unity.ScriptableBuildPipeline.Editor", "Unity.ScriptableBuildPipeline.Editor.csproj", "{943271bd-dd4f-6560-be28-197e2b723891}"
EndProject
Project("{FAE04EC0-301F-11D3-BF4B-00C04F79EFBC}") = "Unity.ScriptableBuildPipeline.Editor.Tests", "Unity.ScriptableBuildPipeline.Editor.Tests.csproj", "{836d6386-1b54-9517-6e22-ff6bb5b70ea9}"
EndProject
Project("{FAE04EC0-301F-11D3-BF4B-00C04F79EFBC}") = "UniTask.Editor", "UniTask.Editor.csproj", "{49063221-3077-0e1f-aa67-3310595db314}"
EndProject
Global
	GlobalSection(SolutionConfigurationPlatforms) = preSolution
		Debug|Any CPU = Debug|Any CPU
	EndGlobalSection
	GlobalSection(ProjectConfigurationPlatforms) = postSolution
		{55581ce2-4bfa-0833-d2f9-49881591b7a2}.Debug|Any CPU.ActiveCfg = Debug|Any CPU
		{55581ce2-4bfa-0833-d2f9-49881591b7a2}.Debug|Any CPU.Build.0 = Debug|Any CPU
		{5c9988b2-e1c3-7d5a-ef3d-2a6cc37854a2}.Debug|Any CPU.ActiveCfg = Debug|Any CPU
		{5c9988b2-e1c3-7d5a-ef3d-2a6cc37854a2}.Debug|Any CPU.Build.0 = Debug|Any CPU
		{85c339f4-7dfe-5a58-9d4b-01e1521a073a}.Debug|Any CPU.ActiveCfg = Debug|Any CPU
		{85c339f4-7dfe-5a58-9d4b-01e1521a073a}.Debug|Any CPU.Build.0 = Debug|Any CPU
		{6ca4a100-2272-2f41-d4a5-807538557cd1}.Debug|Any CPU.ActiveCfg = Debug|Any CPU
		{6ca4a100-2272-2f41-d4a5-807538557cd1}.Debug|Any CPU.Build.0 = Debug|Any CPU
		{2dca6219-4e7d-3d0e-ffe9-324a9d0e359e}.Debug|Any CPU.ActiveCfg = Debug|Any CPU
		{2dca6219-4e7d-3d0e-ffe9-324a9d0e359e}.Debug|Any CPU.Build.0 = Debug|Any CPU
		{bee2ebc8-8c82-8071-a8ae-94f312acac19}.Debug|Any CPU.ActiveCfg = Debug|Any CPU
		{bee2ebc8-8c82-8071-a8ae-94f312acac19}.Debug|Any CPU.Build.0 = Debug|Any CPU
		{d5867b92-7e7a-ba7c-ffdb-dd24b04be18d}.Debug|Any CPU.ActiveCfg = Debug|Any CPU
		{d5867b92-7e7a-ba7c-ffdb-dd24b04be18d}.Debug|Any CPU.Build.0 = Debug|Any CPU
		{dde883ee-acae-a9e1-ecae-10457f601799}.Debug|Any CPU.ActiveCfg = Debug|Any CPU
		{dde883ee-acae-a9e1-ecae-10457f601799}.Debug|Any CPU.Build.0 = Debug|Any CPU
		{4ab327b7-45b6-1f64-25b7-dfe73d799285}.Debug|Any CPU.ActiveCfg = Debug|Any CPU
		{4ab327b7-45b6-1f64-25b7-dfe73d799285}.Debug|Any CPU.Build.0 = Debug|Any CPU
		{e386446f-8c81-de35-5278-ad5983f1a885}.Debug|Any CPU.ActiveCfg = Debug|Any CPU
		{e386446f-8c81-de35-5278-ad5983f1a885}.Debug|Any CPU.Build.0 = Debug|Any CPU
		{adedc4d0-68de-0302-e4eb-284a19ed46e8}.Debug|Any CPU.ActiveCfg = Debug|Any CPU
		{adedc4d0-68de-0302-e4eb-284a19ed46e8}.Debug|Any CPU.Build.0 = Debug|Any CPU
		{d14c6a4f-1026-232c-09f7-acfa73867234}.Debug|Any CPU.ActiveCfg = Debug|Any CPU
		{d14c6a4f-1026-232c-09f7-acfa73867234}.Debug|Any CPU.Build.0 = Debug|Any CPU
		{ad02c468-66b7-573d-a73b-f8e57116a7c3}.Debug|Any CPU.ActiveCfg = Debug|Any CPU
		{ad02c468-66b7-573d-a73b-f8e57116a7c3}.Debug|Any CPU.Build.0 = Debug|Any CPU
		{f3cc87f0-4548-2e68-dd0e-d3742120fdd9}.Debug|Any CPU.ActiveCfg = Debug|Any CPU
		{f3cc87f0-4548-2e68-dd0e-d3742120fdd9}.Debug|Any CPU.Build.0 = Debug|Any CPU
		{36b6876b-e45f-c2ad-93c9-99f5a02699d8}.Debug|Any CPU.ActiveCfg = Debug|Any CPU
		{36b6876b-e45f-c2ad-93c9-99f5a02699d8}.Debug|Any CPU.Build.0 = Debug|Any CPU
		{943271bd-dd4f-6560-be28-197e2b723891}.Debug|Any CPU.ActiveCfg = Debug|Any CPU
		{943271bd-dd4f-6560-be28-197e2b723891}.Debug|Any CPU.Build.0 = Debug|Any CPU
		{836d6386-1b54-9517-6e22-ff6bb5b70ea9}.Debug|Any CPU.ActiveCfg = Debug|Any CPU
		{836d6386-1b54-9517-6e22-ff6bb5b70ea9}.Debug|Any CPU.Build.0 = Debug|Any CPU
		{49063221-3077-0e1f-aa67-3310595db314}.Debug|Any CPU.ActiveCfg = Debug|Any CPU
		{49063221-3077-0e1f-aa67-3310595db314}.Debug|Any CPU.Build.0 = Debug|Any CPU
	EndGlobalSection
	GlobalSection(SolutionProperties) = preSolution
		HideSolutionNode = FALSE
	EndGlobalSection
EndGlobal
